
Microsoft Visual Studio Solution File, Format Version 12.00
# Visual Studio 2012
Project("{FAE04EC0-301F-11D3-BF4B-00C04F79EFBC}") = "PAWARedux", "PAWARedux\PAWARedux.csproj", "{734C44D3-C541-4582-BCDB-D93972E77B46}"
EndProject
Project("{FAE04EC0-301F-11D3-BF4B-00C04F79EFBC}") = "PAWARedux.Tests", "PAWARedux.Tests\PAWARedux.Tests.csproj", "{78E88816-2BC8-4D0D-866C-7325287AF30D}"
EndProject
Global
	GlobalSection(SolutionConfigurationPlatforms) = preSolution
		Debug|Any CPU = Debug|Any CPU
		Release|Any CPU = Release|Any CPU
	EndGlobalSection
	GlobalSection(ProjectConfigurationPlatforms) = postSolution
		{734C44D3-C541-4582-BCDB-D93972E77B46}.Debug|Any CPU.ActiveCfg = Debug|Any CPU
		{734C44D3-C541-4582-BCDB-D93972E77B46}.Debug|Any CPU.Build.0 = Debug|Any CPU
		{734C44D3-C541-4582-BCDB-D93972E77B46}.Release|Any CPU.ActiveCfg = Release|Any CPU
		{734C44D3-C541-4582-BCDB-D93972E77B46}.Release|Any CPU.Build.0 = Release|Any CPU
		{78E88816-2BC8-4D0D-866C-7325287AF30D}.Debug|Any CPU.ActiveCfg = Debug|Any CPU
		{78E88816-2BC8-4D0D-866C-7325287AF30D}.Debug|Any CPU.Build.0 = Debug|Any CPU
		{78E88816-2BC8-4D0D-866C-7325287AF30D}.Release|Any CPU.ActiveCfg = Release|Any CPU
		{78E88816-2BC8-4D0D-866C-7325287AF30D}.Release|Any CPU.Build.0 = Release|Any CPU
	EndGlobalSection
	GlobalSection(SolutionProperties) = preSolution
		HideSolutionNode = FALSE
	EndGlobalSection
EndGlobal
